// !$*UTF8*$!
{
	archiveVersion = 1;
	classes = {
	};
	objectVersion = 46;
	objects = {

/* Begin PBXBuildFile section */
		04704BA6205D488B44C9B4C8 /* Pods_PokeFinder.framework in Frameworks */ = {isa = PBXBuildFile; fileRef = 777C8E5C33C271E0611F2D18 /* Pods_PokeFinder.framework */; };
		078D6B041D8C2A2300F9AFD0 /* AppDelegate.swift in Sources */ = {isa = PBXBuildFile; fileRef = 078D6B031D8C2A2300F9AFD0 /* AppDelegate.swift */; };
		078D6B061D8C2A2300F9AFD0 /* ViewController.swift in Sources */ = {isa = PBXBuildFile; fileRef = 078D6B051D8C2A2300F9AFD0 /* ViewController.swift */; };
		078D6B091D8C2A2300F9AFD0 /* Main.storyboard in Resources */ = {isa = PBXBuildFile; fileRef = 078D6B071D8C2A2300F9AFD0 /* Main.storyboard */; };
		078D6B0B1D8C2A2400F9AFD0 /* Assets.xcassets in Resources */ = {isa = PBXBuildFile; fileRef = 078D6B0A1D8C2A2400F9AFD0 /* Assets.xcassets */; };
		078D6B0E1D8C2A2400F9AFD0 /* LaunchScreen.storyboard in Resources */ = {isa = PBXBuildFile; fileRef = 078D6B0C1D8C2A2400F9AFD0 /* LaunchScreen.storyboard */; };
		078D6B161D8C36C600F9AFD0 /* GoogleService-Info.plist in Resources */ = {isa = PBXBuildFile; fileRef = 078D6B151D8C36C600F9AFD0 /* GoogleService-Info.plist */; };
		07EE55861D8C39BA000623B0 /* GeoFire.m in Sources */ = {isa = PBXBuildFile; fileRef = 07EE557D1D8C39BA000623B0 /* GeoFire.m */; };
		07EE55871D8C39BA000623B0 /* GFBase32Utils.m in Sources */ = {isa = PBXBuildFile; fileRef = 07EE557F1D8C39BA000623B0 /* GFBase32Utils.m */; };
		07EE55881D8C39BA000623B0 /* GFGeoHash.m in Sources */ = {isa = PBXBuildFile; fileRef = 07EE55811D8C39BA000623B0 /* GFGeoHash.m */; };
		07EE55891D8C39BA000623B0 /* GFGeoHashQuery.m in Sources */ = {isa = PBXBuildFile; fileRef = 07EE55831D8C39BA000623B0 /* GFGeoHashQuery.m */; };
		07EE558A1D8C39BA000623B0 /* GFQuery.m in Sources */ = {isa = PBXBuildFile; fileRef = 07EE55851D8C39BA000623B0 /* GFQuery.m */; };
		07EE55951D8C43BC000623B0 /* PokeAnnotation.swift in Sources */ = {isa = PBXBuildFile; fileRef = 07EE55941D8C43BC000623B0 /* PokeAnnotation.swift */; };
/* End PBXBuildFile section */

/* Begin PBXFileReference section */
		078D6B001D8C2A2300F9AFD0 /* PokeFinder.app */ = {isa = PBXFileReference; explicitFileType = wrapper.application; includeInIndex = 0; path = PokeFinder.app; sourceTree = BUILT_PRODUCTS_DIR; };
		078D6B031D8C2A2300F9AFD0 /* AppDelegate.swift */ = {isa = PBXFileReference; lastKnownFileType = sourcecode.swift; path = AppDelegate.swift; sourceTree = "<group>"; };
		078D6B051D8C2A2300F9AFD0 /* ViewController.swift */ = {isa = PBXFileReference; lastKnownFileType = sourcecode.swift; path = ViewController.swift; sourceTree = "<group>"; };
		078D6B081D8C2A2300F9AFD0 /* Base */ = {isa = PBXFileReference; lastKnownFileType = file.storyboard; name = Base; path = Base.lproj/Main.storyboard; sourceTree = "<group>"; };
		078D6B0A1D8C2A2400F9AFD0 /* Assets.xcassets */ = {isa = PBXFileReference; lastKnownFileType = folder.assetcatalog; path = Assets.xcassets; sourceTree = "<group>"; };
		078D6B0D1D8C2A2400F9AFD0 /* Base */ = {isa = PBXFileReference; lastKnownFileType = file.storyboard; name = Base; path = Base.lproj/LaunchScreen.storyboard; sourceTree = "<group>"; };
		078D6B0F1D8C2A2400F9AFD0 /* Info.plist */ = {isa = PBXFileReference; lastKnownFileType = text.plist.xml; path = Info.plist; sourceTree = "<group>"; };
		078D6B151D8C36C600F9AFD0 /* GoogleService-Info.plist */ = {isa = PBXFileReference; fileEncoding = 4; lastKnownFileType = text.plist.xml; path = "GoogleService-Info.plist"; sourceTree = "<group>"; };
		07EE55761D8C39BA000623B0 /* GeoFire.h */ = {isa = PBXFileReference; fileEncoding = 4; lastKnownFileType = sourcecode.c.h; path = GeoFire.h; sourceTree = "<group>"; };
		07EE55771D8C39BA000623B0 /* GFCircleQuery.h */ = {isa = PBXFileReference; fileEncoding = 4; lastKnownFileType = sourcecode.c.h; path = GFCircleQuery.h; sourceTree = "<group>"; };
		07EE55781D8C39BA000623B0 /* GFQuery.h */ = {isa = PBXFileReference; fileEncoding = 4; lastKnownFileType = sourcecode.c.h; path = GFQuery.h; sourceTree = "<group>"; };
		07EE55791D8C39BA000623B0 /* GFRegionQuery.h */ = {isa = PBXFileReference; fileEncoding = 4; lastKnownFileType = sourcecode.c.h; path = GFRegionQuery.h; sourceTree = "<group>"; };
		07EE557A1D8C39BA000623B0 /* GeoFire-Prefix.pch */ = {isa = PBXFileReference; fileEncoding = 4; lastKnownFileType = sourcecode.c.h; path = "GeoFire-Prefix.pch"; sourceTree = "<group>"; };
		07EE557C1D8C39BA000623B0 /* GeoFire+Private.h */ = {isa = PBXFileReference; fileEncoding = 4; lastKnownFileType = sourcecode.c.h; path = "GeoFire+Private.h"; sourceTree = "<group>"; };
		07EE557D1D8C39BA000623B0 /* GeoFire.m */ = {isa = PBXFileReference; fileEncoding = 4; lastKnownFileType = sourcecode.c.objc; path = GeoFire.m; sourceTree = "<group>"; };
		07EE557E1D8C39BA000623B0 /* GFBase32Utils.h */ = {isa = PBXFileReference; fileEncoding = 4; lastKnownFileType = sourcecode.c.h; path = GFBase32Utils.h; sourceTree = "<group>"; };
		07EE557F1D8C39BA000623B0 /* GFBase32Utils.m */ = {isa = PBXFileReference; fileEncoding = 4; lastKnownFileType = sourcecode.c.objc; path = GFBase32Utils.m; sourceTree = "<group>"; };
		07EE55801D8C39BA000623B0 /* GFGeoHash.h */ = {isa = PBXFileReference; fileEncoding = 4; lastKnownFileType = sourcecode.c.h; path = GFGeoHash.h; sourceTree = "<group>"; };
		07EE55811D8C39BA000623B0 /* GFGeoHash.m */ = {isa = PBXFileReference; fileEncoding = 4; lastKnownFileType = sourcecode.c.objc; path = GFGeoHash.m; sourceTree = "<group>"; };
		07EE55821D8C39BA000623B0 /* GFGeoHashQuery.h */ = {isa = PBXFileReference; fileEncoding = 4; lastKnownFileType = sourcecode.c.h; path = GFGeoHashQuery.h; sourceTree = "<group>"; };
		07EE55831D8C39BA000623B0 /* GFGeoHashQuery.m */ = {isa = PBXFileReference; fileEncoding = 4; lastKnownFileType = sourcecode.c.objc; path = GFGeoHashQuery.m; sourceTree = "<group>"; };
		07EE55841D8C39BA000623B0 /* GFQuery+Private.h */ = {isa = PBXFileReference; fileEncoding = 4; lastKnownFileType = sourcecode.c.h; path = "GFQuery+Private.h"; sourceTree = "<group>"; };
		07EE55851D8C39BA000623B0 /* GFQuery.m */ = {isa = PBXFileReference; fileEncoding = 4; lastKnownFileType = sourcecode.c.objc; path = GFQuery.m; sourceTree = "<group>"; };
		07EE55901D8C3B9C000623B0 /* PokeFinder-Bridging-Header.h */ = {isa = PBXFileReference; fileEncoding = 4; lastKnownFileType = sourcecode.c.h; path = "PokeFinder-Bridging-Header.h"; sourceTree = "<group>"; };
		07EE55941D8C43BC000623B0 /* PokeAnnotation.swift */ = {isa = PBXFileReference; fileEncoding = 4; lastKnownFileType = sourcecode.swift; path = PokeAnnotation.swift; sourceTree = "<group>"; };
		1C589095531085AB75DEB350 /* Pods-PokeFinder.debug.xcconfig */ = {isa = PBXFileReference; includeInIndex = 1; lastKnownFileType = text.xcconfig; name = "Pods-PokeFinder.debug.xcconfig"; path = "Pods/Target Support Files/Pods-PokeFinder/Pods-PokeFinder.debug.xcconfig"; sourceTree = "<group>"; };
		51445E5621827A5A519EF4C5 /* Pods-PokeFinder.release.xcconfig */ = {isa = PBXFileReference; includeInIndex = 1; lastKnownFileType = text.xcconfig; name = "Pods-PokeFinder.release.xcconfig"; path = "Pods/Target Support Files/Pods-PokeFinder/Pods-PokeFinder.release.xcconfig"; sourceTree = "<group>"; };
		777C8E5C33C271E0611F2D18 /* Pods_PokeFinder.framework */ = {isa = PBXFileReference; explicitFileType = wrapper.framework; includeInIndex = 0; path = Pods_PokeFinder.framework; sourceTree = BUILT_PRODUCTS_DIR; };
/* End PBXFileReference section */

/* Begin PBXFrameworksBuildPhase section */
		078D6AFD1D8C2A2300F9AFD0 /* Frameworks */ = {
			isa = PBXFrameworksBuildPhase;
			buildActionMask = 2147483647;
			files = (
				04704BA6205D488B44C9B4C8 /* Pods_PokeFinder.framework in Frameworks */,
			);
			runOnlyForDeploymentPostprocessing = 0;
		};
/* End PBXFrameworksBuildPhase section */

/* Begin PBXGroup section */
		078D6AF71D8C2A2300F9AFD0 = {
			isa = PBXGroup;
			children = (
				078D6B021D8C2A2300F9AFD0 /* PokeFinder */,
				078D6B011D8C2A2300F9AFD0 /* Products */,
				A1A5F02305E5EFB2657A3730 /* Pods */,
				E2187D4C20235D4590A333F7 /* Frameworks */,
			);
			sourceTree = "<group>";
		};
		078D6B011D8C2A2300F9AFD0 /* Products */ = {
			isa = PBXGroup;
			children = (
				078D6B001D8C2A2300F9AFD0 /* PokeFinder.app */,
			);
			name = Products;
			sourceTree = "<group>";
		};
		078D6B021D8C2A2300F9AFD0 /* PokeFinder */ = {
			isa = PBXGroup;
			children = (
				07EE55931D8C4388000623B0 /* View */,
				07EE55921D8C4381000623B0 /* Model */,
				07EE55911D8C437B000623B0 /* Controller */,
				07EE55741D8C39BA000623B0 /* GeoFire */,
				078D6B031D8C2A2300F9AFD0 /* AppDelegate.swift */,
				07EE55901D8C3B9C000623B0 /* PokeFinder-Bridging-Header.h */,
				078D6B071D8C2A2300F9AFD0 /* Main.storyboard */,
				078D6B0A1D8C2A2400F9AFD0 /* Assets.xcassets */,
				078D6B0C1D8C2A2400F9AFD0 /* LaunchScreen.storyboard */,
				078D6B0F1D8C2A2400F9AFD0 /* Info.plist */,
				078D6B151D8C36C600F9AFD0 /* GoogleService-Info.plist */,
			);
			path = PokeFinder;
			sourceTree = "<group>";
		};
		07EE55741D8C39BA000623B0 /* GeoFire */ = {
			isa = PBXGroup;
			children = (
				07EE55751D8C39BA000623B0 /* API */,
				07EE557A1D8C39BA000623B0 /* GeoFire-Prefix.pch */,
				07EE557B1D8C39BA000623B0 /* Implementation */,
			);
			path = GeoFire;
			sourceTree = "<group>";
		};
		07EE55751D8C39BA000623B0 /* API */ = {
			isa = PBXGroup;
			children = (
				07EE55761D8C39BA000623B0 /* GeoFire.h */,
				07EE55771D8C39BA000623B0 /* GFCircleQuery.h */,
				07EE55781D8C39BA000623B0 /* GFQuery.h */,
				07EE55791D8C39BA000623B0 /* GFRegionQuery.h */,
			);
			path = API;
			sourceTree = "<group>";
		};
		07EE557B1D8C39BA000623B0 /* Implementation */ = {
			isa = PBXGroup;
			children = (
				07EE557C1D8C39BA000623B0 /* GeoFire+Private.h */,
				07EE557D1D8C39BA000623B0 /* GeoFire.m */,
				07EE557E1D8C39BA000623B0 /* GFBase32Utils.h */,
				07EE557F1D8C39BA000623B0 /* GFBase32Utils.m */,
				07EE55801D8C39BA000623B0 /* GFGeoHash.h */,
				07EE55811D8C39BA000623B0 /* GFGeoHash.m */,
				07EE55821D8C39BA000623B0 /* GFGeoHashQuery.h */,
				07EE55831D8C39BA000623B0 /* GFGeoHashQuery.m */,
				07EE55841D8C39BA000623B0 /* GFQuery+Private.h */,
				07EE55851D8C39BA000623B0 /* GFQuery.m */,
			);
			path = Implementation;
			sourceTree = "<group>";
		};
		07EE55911D8C437B000623B0 /* Controller */ = {
			isa = PBXGroup;
			children = (
				078D6B051D8C2A2300F9AFD0 /* ViewController.swift */,
			);
			name = Controller;
			sourceTree = "<group>";
		};
		07EE55921D8C4381000623B0 /* Model */ = {
			isa = PBXGroup;
			children = (
				07EE55941D8C43BC000623B0 /* PokeAnnotation.swift */,
			);
			name = Model;
			sourceTree = "<group>";
		};
		07EE55931D8C4388000623B0 /* View */ = {
			isa = PBXGroup;
			children = (
			);
			name = View;
			sourceTree = "<group>";
		};
		A1A5F02305E5EFB2657A3730 /* Pods */ = {
			isa = PBXGroup;
			children = (
				1C589095531085AB75DEB350 /* Pods-PokeFinder.debug.xcconfig */,
				51445E5621827A5A519EF4C5 /* Pods-PokeFinder.release.xcconfig */,
			);
			name = Pods;
			sourceTree = "<group>";
		};
		E2187D4C20235D4590A333F7 /* Frameworks */ = {
			isa = PBXGroup;
			children = (
				777C8E5C33C271E0611F2D18 /* Pods_PokeFinder.framework */,
			);
			name = Frameworks;
			sourceTree = "<group>";
		};
/* End PBXGroup section */

/* Begin PBXNativeTarget section */
		078D6AFF1D8C2A2300F9AFD0 /* PokeFinder */ = {
			isa = PBXNativeTarget;
			buildConfigurationList = 078D6B121D8C2A2400F9AFD0 /* Build configuration list for PBXNativeTarget "PokeFinder" */;
			buildPhases = (
				B5774D1D3501BDB8BB338C79 /* [CP] Check Pods Manifest.lock */,
				078D6AFC1D8C2A2300F9AFD0 /* Sources */,
				078D6AFD1D8C2A2300F9AFD0 /* Frameworks */,
				078D6AFE1D8C2A2300F9AFD0 /* Resources */,
				AB53A043775B3EA2E79DA460 /* [CP] Embed Pods Frameworks */,
				C6405736447E16E815939FC5 /* [CP] Copy Pods Resources */,
			);
			buildRules = (
			);
			dependencies = (
			);
			name = PokeFinder;
			productName = PokeFinder;
			productReference = 078D6B001D8C2A2300F9AFD0 /* PokeFinder.app */;
			productType = "com.apple.product-type.application";
		};
/* End PBXNativeTarget section */

/* Begin PBXProject section */
		078D6AF81D8C2A2300F9AFD0 /* Project object */ = {
			isa = PBXProject;
			attributes = {
				LastSwiftUpdateCheck = 0800;
				LastUpgradeCheck = 0800;
				ORGANIZATIONNAME = "Uroš Đurđević";
				TargetAttributes = {
					078D6AFF1D8C2A2300F9AFD0 = {
						CreatedOnToolsVersion = 8.0;
						ProvisioningStyle = Automatic;
					};
				};
			};
			buildConfigurationList = 078D6AFB1D8C2A2300F9AFD0 /* Build configuration list for PBXProject "PokeFinder" */;
			compatibilityVersion = "Xcode 3.2";
			developmentRegion = English;
			hasScannedForEncodings = 0;
			knownRegions = (
				en,
				Base,
			);
			mainGroup = 078D6AF71D8C2A2300F9AFD0;
			productRefGroup = 078D6B011D8C2A2300F9AFD0 /* Products */;
			projectDirPath = "";
			projectRoot = "";
			targets = (
				078D6AFF1D8C2A2300F9AFD0 /* PokeFinder */,
			);
		};
/* End PBXProject section */

/* Begin PBXResourcesBuildPhase section */
		078D6AFE1D8C2A2300F9AFD0 /* Resources */ = {
			isa = PBXResourcesBuildPhase;
			buildActionMask = 2147483647;
			files = (
				078D6B0E1D8C2A2400F9AFD0 /* LaunchScreen.storyboard in Resources */,
				078D6B161D8C36C600F9AFD0 /* GoogleService-Info.plist in Resources */,
				078D6B0B1D8C2A2400F9AFD0 /* Assets.xcassets in Resources */,
				078D6B091D8C2A2300F9AFD0 /* Main.storyboard in Resources */,
			);
			runOnlyForDeploymentPostprocessing = 0;
		};
/* End PBXResourcesBuildPhase section */

/* Begin PBXShellScriptBuildPhase section */
		AB53A043775B3EA2E79DA460 /* [CP] Embed Pods Frameworks */ = {
			isa = PBXShellScriptBuildPhase;
			buildActionMask = 2147483647;
			files = (
			);
			inputPaths = (
			);
			name = "[CP] Embed Pods Frameworks";
			outputPaths = (
			);
			runOnlyForDeploymentPostprocessing = 0;
			shellPath = /bin/sh;
			shellScript = "\"${SRCROOT}/Pods/Target Support Files/Pods-PokeFinder/Pods-PokeFinder-frameworks.sh\"\n";
			showEnvVarsInLog = 0;
		};
		B5774D1D3501BDB8BB338C79 /* [CP] Check Pods Manifest.lock */ = {
			isa = PBXShellScriptBuildPhase;
			buildActionMask = 2147483647;
			files = (
			);
			inputPaths = (
			);
			name = "[CP] Check Pods Manifest.lock";
			outputPaths = (
			);
			runOnlyForDeploymentPostprocessing = 0;
			shellPath = /bin/sh;
			shellScript = "diff \"${PODS_ROOT}/../Podfile.lock\" \"${PODS_ROOT}/Manifest.lock\" > /dev/null\nif [ $? != 0 ] ; then\n    # print error to STDERR\n    echo \"error: The sandbox is not in sync with the Podfile.lock. Run 'pod install' or update your CocoaPods installation.\" >&2\n    exit 1\nfi\n";
			showEnvVarsInLog = 0;
		};
		C6405736447E16E815939FC5 /* [CP] Copy Pods Resources */ = {
			isa = PBXShellScriptBuildPhase;
			buildActionMask = 2147483647;
			files = (
			);
			inputPaths = (
			);
			name = "[CP] Copy Pods Resources";
			outputPaths = (
			);
			runOnlyForDeploymentPostprocessing = 0;
			shellPath = /bin/sh;
			shellScript = "\"${SRCROOT}/Pods/Target Support Files/Pods-PokeFinder/Pods-PokeFinder-resources.sh\"\n";
			showEnvVarsInLog = 0;
		};
/* End PBXShellScriptBuildPhase section */

/* Begin PBXSourcesBuildPhase section */
		078D6AFC1D8C2A2300F9AFD0 /* Sources */ = {
			isa = PBXSourcesBuildPhase;
			buildActionMask = 2147483647;
			files = (
				07EE55871D8C39BA000623B0 /* GFBase32Utils.m in Sources */,
				07EE55951D8C43BC000623B0 /* PokeAnnotation.swift in Sources */,
				078D6B061D8C2A2300F9AFD0 /* ViewController.swift in Sources */,
				07EE55881D8C39BA000623B0 /* GFGeoHash.m in Sources */,
				078D6B041D8C2A2300F9AFD0 /* AppDelegate.swift in Sources */,
				07EE55861D8C39BA000623B0 /* GeoFire.m in Sources */,
				07EE55891D8C39BA000623B0 /* GFGeoHashQuery.m in Sources */,
				07EE558A1D8C39BA000623B0 /* GFQuery.m in Sources */,
			);
			runOnlyForDeploymentPostprocessing = 0;
		};
/* End PBXSourcesBuildPhase section */

/* Begin PBXVariantGroup section */
		078D6B071D8C2A2300F9AFD0 /* Main.storyboard */ = {
			isa = PBXVariantGroup;
			children = (
				078D6B081D8C2A2300F9AFD0 /* Base */,
			);
			name = Main.storyboard;
			sourceTree = "<group>";
		};
		078D6B0C1D8C2A2400F9AFD0 /* LaunchScreen.storyboard */ = {
			isa = PBXVariantGroup;
			children = (
				078D6B0D1D8C2A2400F9AFD0 /* Base */,
			);
			name = LaunchScreen.storyboard;
			sourceTree = "<group>";
		};
/* End PBXVariantGroup section */

/* Begin XCBuildConfiguration section */
		078D6B101D8C2A2400F9AFD0 /* Debug */ = {
			isa = XCBuildConfiguration;
			buildSettings = {
				ALWAYS_SEARCH_USER_PATHS = NO;
				CLANG_ANALYZER_NONNULL = YES;
				CLANG_CXX_LANGUAGE_STANDARD = "gnu++0x";
				CLANG_CXX_LIBRARY = "libc++";
				CLANG_ENABLE_MODULES = YES;
				CLANG_ENABLE_OBJC_ARC = YES;
				CLANG_WARN_BOOL_CONVERSION = YES;
				CLANG_WARN_CONSTANT_CONVERSION = YES;
				CLANG_WARN_DIRECT_OBJC_ISA_USAGE = YES_ERROR;
				CLANG_WARN_DOCUMENTATION_COMMENTS = YES;
				CLANG_WARN_EMPTY_BODY = YES;
				CLANG_WARN_ENUM_CONVERSION = YES;
				CLANG_WARN_INFINITE_RECURSION = YES;
				CLANG_WARN_INT_CONVERSION = YES;
				CLANG_WARN_OBJC_ROOT_CLASS = YES_ERROR;
				CLANG_WARN_SUSPICIOUS_MOVES = YES;
				CLANG_WARN_UNREACHABLE_CODE = YES;
				CLANG_WARN__DUPLICATE_METHOD_MATCH = YES;
				"CODE_SIGN_IDENTITY[sdk=iphoneos*]" = "iPhone Developer";
				COPY_PHASE_STRIP = NO;
				DEBUG_INFORMATION_FORMAT = dwarf;
				ENABLE_STRICT_OBJC_MSGSEND = YES;
				ENABLE_TESTABILITY = YES;
				GCC_C_LANGUAGE_STANDARD = gnu99;
				GCC_DYNAMIC_NO_PIC = NO;
				GCC_NO_COMMON_BLOCKS = YES;
				GCC_OPTIMIZATION_LEVEL = 0;
				GCC_PREPROCESSOR_DEFINITIONS = (
					"DEBUG=1",
					"$(inherited)",
				);
				GCC_WARN_64_TO_32_BIT_CONVERSION = YES;
				GCC_WARN_ABOUT_RETURN_TYPE = YES_ERROR;
				GCC_WARN_UNDECLARED_SELECTOR = YES;
				GCC_WARN_UNINITIALIZED_AUTOS = YES_AGGRESSIVE;
				GCC_WARN_UNUSED_FUNCTION = YES;
				GCC_WARN_UNUSED_VARIABLE = YES;
				IPHONEOS_DEPLOYMENT_TARGET = 10.0;
				MTL_ENABLE_DEBUG_INFO = YES;
				ONLY_ACTIVE_ARCH = YES;
				SDKROOT = iphoneos;
				SWIFT_ACTIVE_COMPILATION_CONDITIONS = DEBUG;
				SWIFT_OPTIMIZATION_LEVEL = "-Onone";
				TARGETED_DEVICE_FAMILY = "1,2";
			};
			name = Debug;
		};
		078D6B111D8C2A2400F9AFD0 /* Release */ = {
			isa = XCBuildConfiguration;
			buildSettings = {
				ALWAYS_SEARCH_USER_PATHS = NO;
				CLANG_ANALYZER_NONNULL = YES;
				CLANG_CXX_LANGUAGE_STANDARD = "gnu++0x";
				CLANG_CXX_LIBRARY = "libc++";
				CLANG_ENABLE_MODULES = YES;
				CLANG_ENABLE_OBJC_ARC = YES;
				CLANG_WARN_BOOL_CONVERSION = YES;
				CLANG_WARN_CONSTANT_CONVERSION = YES;
				CLANG_WARN_DIRECT_OBJC_ISA_USAGE = YES_ERROR;
				CLANG_WARN_DOCUMENTATION_COMMENTS = YES;
				CLANG_WARN_EMPTY_BODY = YES;
				CLANG_WARN_ENUM_CONVERSION = YES;
				CLANG_WARN_INFINITE_RECURSION = YES;
				CLANG_WARN_INT_CONVERSION = YES;
				CLANG_WARN_OBJC_ROOT_CLASS = YES_ERROR;
				CLANG_WARN_SUSPICIOUS_MOVES = YES;
				CLANG_WARN_UNREACHABLE_CODE = YES;
				CLANG_WARN__DUPLICATE_METHOD_MATCH = YES;
				"CODE_SIGN_IDENTITY[sdk=iphoneos*]" = "iPhone Developer";
				COPY_PHASE_STRIP = NO;
				DEBUG_INFORMATION_FORMAT = "dwarf-with-dsym";
				ENABLE_NS_ASSERTIONS = NO;
				ENABLE_STRICT_OBJC_MSGSEND = YES;
				GCC_C_LANGUAGE_STANDARD = gnu99;
				GCC_NO_COMMON_BLOCKS = YES;
				GCC_WARN_64_TO_32_BIT_CONVERSION = YES;
				GCC_WARN_ABOUT_RETURN_TYPE = YES_ERROR;
				GCC_WARN_UNDECLARED_SELECTOR = YES;
				GCC_WARN_UNINITIALIZED_AUTOS = YES_AGGRESSIVE;
				GCC_WARN_UNUSED_FUNCTION = YES;
				GCC_WARN_UNUSED_VARIABLE = YES;
				IPHONEOS_DEPLOYMENT_TARGET = 10.0;
				MTL_ENABLE_DEBUG_INFO = NO;
				SDKROOT = iphoneos;
				SWIFT_OPTIMIZATION_LEVEL = "-Owholemodule";
				TARGETED_DEVICE_FAMILY = "1,2";
				VALIDATE_PRODUCT = YES;
			};
			name = Release;
		};
		078D6B131D8C2A2400F9AFD0 /* Debug */ = {
			isa = XCBuildConfiguration;
			baseConfigurationReference = 1C589095531085AB75DEB350 /* Pods-PokeFinder.debug.xcconfig */;
			buildSettings = {
				ASSETCATALOG_COMPILER_APPICON_NAME = AppIcon;
				INFOPLIST_FILE = PokeFinder/Info.plist;
				LD_RUNPATH_SEARCH_PATHS = "$(inherited) @executable_path/Frameworks";
				PRODUCT_BUNDLE_IDENTIFIER = com.sabidu.PokeFinder;
				PRODUCT_NAME = "$(TARGET_NAME)";
				SWIFT_OBJC_BRIDGING_HEADER = "PokeFinder/PokeFinder-Bridging-Header.h";
				SWIFT_VERSION = 3.0;
			};
			name = Debug;
		};
		078D6B141D8C2A2400F9AFD0 /* Release */ = {
			isa = XCBuildConfiguration;
			baseConfigurationReference = 51445E5621827A5A519EF4C5 /* Pods-PokeFinder.release.xcconfig */;
			buildSettings = {
				ASSETCATALOG_COMPILER_APPICON_NAME = AppIcon;
				INFOPLIST_FILE = PokeFinder/Info.plist;
				LD_RUNPATH_SEARCH_PATHS = "$(inherited) @executable_path/Frameworks";
				PRODUCT_BUNDLE_IDENTIFIER = com.sabidu.PokeFinder;
				PRODUCT_NAME = "$(TARGET_NAME)";
				SWIFT_OBJC_BRIDGING_HEADER = "PokeFinder/PokeFinder-Bridging-Header.h";
				SWIFT_VERSION = 3.0;
			};
			name = Release;
		};
/* End XCBuildConfiguration section */

/* Begin XCConfigurationList section */
		078D6AFB1D8C2A2300F9AFD0 /* Build configuration list for PBXProject "PokeFinder" */ = {
			isa = XCConfigurationList;
			buildConfigurations = (
				078D6B101D8C2A2400F9AFD0 /* Debug */,
				078D6B111D8C2A2400F9AFD0 /* Release */,
			);
			defaultConfigurationIsVisible = 0;
			defaultConfigurationName = Release;
		};
		078D6B121D8C2A2400F9AFD0 /* Build configuration list for PBXNativeTarget "PokeFinder" */ = {
			isa = XCConfigurationList;
			buildConfigurations = (
				078D6B131D8C2A2400F9AFD0 /* Debug */,
				078D6B141D8C2A2400F9AFD0 /* Release */,
			);
			defaultConfigurationIsVisible = 0;
			defaultConfigurationName = Release;
		};
/* End XCConfigurationList section */
	};
	rootObject = 078D6AF81D8C2A2300F9AFD0 /* Project object */;
}
